
Microsoft Visual Studio Solution File, Format Version 12.00
# Visual Studio Version 17
VisualStudioVersion = 17.8.34408.163
MinimumVisualStudioVersion = 10.0.40219.1
Project("{9A19103F-16F7-4668-BE54-9A1E7A4F7556}") = "MiddlewareDemo", "MiddlewareDemo.csproj", "{A7EBEB51-652F-48A2-B113-B49707A9161C}"
EndProject
Global
	GlobalSection(SolutionConfigurationPlatforms) = preSolution
		Debug|Any CPU = Debug|Any CPU
		Release|Any CPU = Release|Any CPU
	EndGlobalSection
	GlobalSection(ProjectConfigurationPlatforms) = postSolution
		{A7EBEB51-652F-48A2-B113-B49707A9161C}.Debug|Any CPU.ActiveCfg = Debug|Any CPU
		{A7EBEB51-652F-48A2-B113-B49707A9161C}.Debug|Any CPU.Build.0 = Debug|Any CPU
		{A7EBEB51-652F-48A2-B113-B49707A9161C}.Release|Any CPU.ActiveCfg = Release|Any CPU
		{A7EBEB51-652F-48A2-B113-B49707A9161C}.Release|Any CPU.Build.0 = Release|Any CPU
	EndGlobalSection
	GlobalSection(SolutionProperties) = preSolution
		HideSolutionNode = FALSE
	EndGlobalSection
	GlobalSection(ExtensibilityGlobals) = postSolution
		SolutionGuid = {B91EEE21-79EA-467B-B4FD-7F3E35AFC553}
	EndGlobalSection
EndGlobal
